
Microsoft Visual Studio Solution File, Format Version 12.00
# Visual Studio 15
VisualStudioVersion = 15.0.28307.1525
MinimumVisualStudioVersion = 10.0.40219.1
Project("{FAE04EC0-301F-11D3-BF4B-00C04F79EFBC}") = "Iteration", "Iteration\Iteration.csproj", "{6AD39F22-538C-47AB-81BA-318EA4316EC8}"
EndProject
Global
	GlobalSection(SolutionConfigurationPlatforms) = preSolution
		Debug|Any CPU = Debug|Any CPU
		Release|Any CPU = Release|Any CPU
	EndGlobalSection
	GlobalSection(ProjectConfigurationPlatforms) = postSolution
		{6AD39F22-538C-47AB-81BA-318EA4316EC8}.Debug|Any CPU.ActiveCfg = Debug|Any CPU
		{6AD39F22-538C-47AB-81BA-318EA4316EC8}.Debug|Any CPU.Build.0 = Debug|Any CPU
		{6AD39F22-538C-47AB-81BA-318EA4316EC8}.Release|Any CPU.ActiveCfg = Release|Any CPU
		{6AD39F22-538C-47AB-81BA-318EA4316EC8}.Release|Any CPU.Build.0 = Release|Any CPU
	EndGlobalSection
	GlobalSection(SolutionProperties) = preSolution
		HideSolutionNode = FALSE
	EndGlobalSection
	GlobalSection(ExtensibilityGlobals) = postSolution
		SolutionGuid = {8688030B-2BC0-4466-BBEB-76457EBBB048}
	EndGlobalSection
EndGlobal
